
Microsoft Visual Studio Solution File, Format Version 12.00
# Visual Studio 15
VisualStudioVersion = 15.0.28307.852
MinimumVisualStudioVersion = 10.0.40219.1
Project("{FAE04EC0-301F-11D3-BF4B-00C04F79EFBC}") = "Dominos.Android", "Dominos\Dominos.Android\Dominos.Android.csproj", "{0C5B64FA-E66F-4D95-99E7-E112C2B8924A}"
EndProject
Project("{FAE04EC0-301F-11D3-BF4B-00C04F79EFBC}") = "Dominos.iOS", "Dominos\Dominos.iOS\Dominos.iOS.csproj", "{5EE4D8D4-9315-452D-BB6D-50BA6AAD2ED9}"
EndProject
Project("{FAE04EC0-301F-11D3-BF4B-00C04F79EFBC}") = "Dominos", "Dominos\Dominos\Dominos.csproj", "{B8F5D03F-0F09-47A6-AD04-6DDA42BC1139}"
EndProject
Global
	GlobalSection(SolutionConfigurationPlatforms) = preSolution
		Ad-Hoc|Any CPU = Ad-Hoc|Any CPU
		Ad-Hoc|iPhone = Ad-Hoc|iPhone
		Ad-Hoc|iPhoneSimulator = Ad-Hoc|iPhoneSimulator
		AppStore|Any CPU = AppStore|Any CPU
		AppStore|iPhone = AppStore|iPhone
		AppStore|iPhoneSimulator = AppStore|iPhoneSimulator
		Debug|Any CPU = Debug|Any CPU
		Debug|iPhone = Debug|iPhone
		Debug|iPhoneSimulator = Debug|iPhoneSimulator
		Release|Any CPU = Release|Any CPU
		Release|iPhone = Release|iPhone
		Release|iPhoneSimulator = Release|iPhoneSimulator
	EndGlobalSection
	GlobalSection(ProjectConfigurationPlatforms) = postSolution
		{0C5B64FA-E66F-4D95-99E7-E112C2B8924A}.Ad-Hoc|Any CPU.ActiveCfg = Release|Any CPU
		{0C5B64FA-E66F-4D95-99E7-E112C2B8924A}.Ad-Hoc|Any CPU.Build.0 = Release|Any CPU
		{0C5B64FA-E66F-4D95-99E7-E112C2B8924A}.Ad-Hoc|Any CPU.Deploy.0 = Release|Any CPU
		{0C5B64FA-E66F-4D95-99E7-E112C2B8924A}.Ad-Hoc|iPhone.ActiveCfg = Release|Any CPU
		{0C5B64FA-E66F-4D95-99E7-E112C2B8924A}.Ad-Hoc|iPhone.Build.0 = Release|Any CPU
		{0C5B64FA-E66F-4D95-99E7-E112C2B8924A}.Ad-Hoc|iPhone.Deploy.0 = Release|Any CPU
		{0C5B64FA-E66F-4D95-99E7-E112C2B8924A}.Ad-Hoc|iPhoneSimulator.ActiveCfg = Release|Any CPU
		{0C5B64FA-E66F-4D95-99E7-E112C2B8924A}.Ad-Hoc|iPhoneSimulator.Build.0 = Release|Any CPU
		{0C5B64FA-E66F-4D95-99E7-E112C2B8924A}.Ad-Hoc|iPhoneSimulator.Deploy.0 = Release|Any CPU
		{0C5B64FA-E66F-4D95-99E7-E112C2B8924A}.AppStore|Any CPU.ActiveCfg = Release|Any CPU
		{0C5B64FA-E66F-4D95-99E7-E112C2B8924A}.AppStore|Any CPU.Build.0 = Release|Any CPU
		{0C5B64FA-E66F-4D95-99E7-E112C2B8924A}.AppStore|Any CPU.Deploy.0 = Release|Any CPU
		{0C5B64FA-E66F-4D95-99E7-E112C2B8924A}.AppStore|iPhone.ActiveCfg = Release|Any CPU
		{0C5B64FA-E66F-4D95-99E7-E112C2B8924A}.AppStore|iPhone.Build.0 = Release|Any CPU
		{0C5B64FA-E66F-4D95-99E7-E112C2B8924A}.AppStore|iPhone.Deploy.0 = Release|Any CPU
		{0C5B64FA-E66F-4D95-99E7-E112C2B8924A}.AppStore|iPhoneSimulator.ActiveCfg = Release|Any CPU
		{0C5B64FA-E66F-4D95-99E7-E112C2B8924A}.AppStore|iPhoneSimulator.Build.0 = Release|Any CPU
		{0C5B64FA-E66F-4D95-99E7-E112C2B8924A}.AppStore|iPhoneSimulator.Deploy.0 = Release|Any CPU
		{0C5B64FA-E66F-4D95-99E7-E112C2B8924A}.Debug|Any CPU.ActiveCfg = Debug|Any CPU
		{0C5B64FA-E66F-4D95-99E7-E112C2B8924A}.Debug|Any CPU.Build.0 = Debug|Any CPU
		{0C5B64FA-E66F-4D95-99E7-E112C2B8924A}.Debug|Any CPU.Deploy.0 = Debug|Any CPU
		{0C5B64FA-E66F-4D95-99E7-E112C2B8924A}.Debug|iPhone.ActiveCfg = Debug|Any CPU
		{0C5B64FA-E66F-4D95-99E7-E112C2B8924A}.Debug|iPhone.Build.0 = Debug|Any CPU
		{0C5B64FA-E66F-4D95-99E7-E112C2B8924A}.Debug|iPhone.Deploy.0 = Debug|Any CPU
		{0C5B64FA-E66F-4D95-99E7-E112C2B8924A}.Debug|iPhoneSimulator.ActiveCfg = Debug|Any CPU
		{0C5B64FA-E66F-4D95-99E7-E112C2B8924A}.Debug|iPhoneSimulator.Build.0 = Debug|Any CPU
		{0C5B64FA-E66F-4D95-99E7-E112C2B8924A}.Debug|iPhoneSimulator.Deploy.0 = Debug|Any CPU
		{0C5B64FA-E66F-4D95-99E7-E112C2B8924A}.Release|Any CPU.ActiveCfg = Release|Any CPU
		{0C5B64FA-E66F-4D95-99E7-E112C2B8924A}.Release|Any CPU.Build.0 = Release|Any CPU
		{0C5B64FA-E66F-4D95-99E7-E112C2B8924A}.Release|Any CPU.Deploy.0 = Release|Any CPU
		{0C5B64FA-E66F-4D95-99E7-E112C2B8924A}.Release|iPhone.ActiveCfg = Release|Any CPU
		{0C5B64FA-E66F-4D95-99E7-E112C2B8924A}.Release|iPhone.Build.0 = Release|Any CPU
		{0C5B64FA-E66F-4D95-99E7-E112C2B8924A}.Release|iPhone.Deploy.0 = Release|Any CPU
		{0C5B64FA-E66F-4D95-99E7-E112C2B8924A}.Release|iPhoneSimulator.ActiveCfg = Release|Any CPU
		{0C5B64FA-E66F-4D95-99E7-E112C2B8924A}.Release|iPhoneSimulator.Build.0 = Release|Any CPU
		{0C5B64FA-E66F-4D95-99E7-E112C2B8924A}.Release|iPhoneSimulator.Deploy.0 = Release|Any CPU
		{5EE4D8D4-9315-452D-BB6D-50BA6AAD2ED9}.Ad-Hoc|Any CPU.ActiveCfg = Ad-Hoc|iPhone
		{5EE4D8D4-9315-452D-BB6D-50BA6AAD2ED9}.Ad-Hoc|Any CPU.Build.0 = Ad-Hoc|iPhone
		{5EE4D8D4-9315-452D-BB6D-50BA6AAD2ED9}.Ad-Hoc|Any CPU.Deploy.0 = Ad-Hoc|iPhone
		{5EE4D8D4-9315-452D-BB6D-50BA6AAD2ED9}.Ad-Hoc|iPhone.ActiveCfg = Ad-Hoc|iPhone
		{5EE4D8D4-9315-452D-BB6D-50BA6AAD2ED9}.Ad-Hoc|iPhone.Build.0 = Ad-Hoc|iPhone
		{5EE4D8D4-9315-452D-BB6D-50BA6AAD2ED9}.Ad-Hoc|iPhone.Deploy.0 = Ad-Hoc|iPhone
		{5EE4D8D4-9315-452D-BB6D-50BA6AAD2ED9}.Ad-Hoc|iPhoneSimulator.ActiveCfg = Ad-Hoc|iPhoneSimulator
		{5EE4D8D4-9315-452D-BB6D-50BA6AAD2ED9}.Ad-Hoc|iPhoneSimulator.Build.0 = Ad-Hoc|iPhoneSimulator
		{5EE4D8D4-9315-452D-BB6D-50BA6AAD2ED9}.Ad-Hoc|iPhoneSimulator.Deploy.0 = Ad-Hoc|iPhoneSimulator
		{5EE4D8D4-9315-452D-BB6D-50BA6AAD2ED9}.AppStore|Any CPU.ActiveCfg = AppStore|iPhone
		{5EE4D8D4-9315-452D-BB6D-50BA6AAD2ED9}.AppStore|Any CPU.Build.0 = AppStore|iPhone
		{5EE4D8D4-9315-452D-BB6D-50BA6AAD2ED9}.AppStore|Any CPU.Deploy.0 = AppStore|iPhone
		{5EE4D8D4-9315-452D-BB6D-50BA6AAD2ED9}.AppStore|iPhone.ActiveCfg = AppStore|iPhone
		{5EE4D8D4-9315-452D-BB6D-50BA6AAD2ED9}.AppStore|iPhone.Build.0 = AppStore|iPhone
		{5EE4D8D4-9315-452D-BB6D-50BA6AAD2ED9}.AppStore|iPhone.Deploy.0 = AppStore|iPhone
		{5EE4D8D4-9315-452D-BB6D-50BA6AAD2ED9}.AppStore|iPhoneSimulator.ActiveCfg = AppStore|iPhoneSimulator
		{5EE4D8D4-9315-452D-BB6D-50BA6AAD2ED9}.AppStore|iPhoneSimulator.Build.0 = AppStore|iPhoneSimulator
		{5EE4D8D4-9315-452D-BB6D-50BA6AAD2ED9}.AppStore|iPhoneSimulator.Deploy.0 = AppStore|iPhoneSimulator
		{5EE4D8D4-9315-452D-BB6D-50BA6AAD2ED9}.Debug|Any CPU.ActiveCfg = Debug|iPhoneSimulator
		{5EE4D8D4-9315-452D-BB6D-50BA6AAD2ED9}.Debug|Any CPU.Build.0 = Debug|iPhoneSimulator
		{5EE4D8D4-9315-452D-BB6D-50BA6AAD2ED9}.Debug|Any CPU.Deploy.0 = Debug|iPhoneSimulator
		{5EE4D8D4-9315-452D-BB6D-50BA6AAD2ED9}.Debug|iPhone.ActiveCfg = Debug|iPhone
		{5EE4D8D4-9315-452D-BB6D-50BA6AAD2ED9}.Debug|iPhone.Build.0 = Debug|iPhone
		{5EE4D8D4-9315-452D-BB6D-50BA6AAD2ED9}.Debug|iPhone.Deploy.0 = Debug|iPhone
		{5EE4D8D4-9315-452D-BB6D-50BA6AAD2ED9}.Debug|iPhoneSimulator.ActiveCfg = Debug|iPhoneSimulator
		{5EE4D8D4-9315-452D-BB6D-50BA6AAD2ED9}.Debug|iPhoneSimulator.Build.0 = Debug|iPhoneSimulator
		{5EE4D8D4-9315-452D-BB6D-50BA6AAD2ED9}.Debug|iPhoneSimulator.Deploy.0 = Debug|iPhoneSimulator
		{5EE4D8D4-9315-452D-BB6D-50BA6AAD2ED9}.Release|Any CPU.ActiveCfg = Release|iPhone
		{5EE4D8D4-9315-452D-BB6D-50BA6AAD2ED9}.Release|Any CPU.Build.0 = Release|iPhone
		{5EE4D8D4-9315-452D-BB6D-50BA6AAD2ED9}.Release|Any CPU.Deploy.0 = Release|iPhone
		{5EE4D8D4-9315-452D-BB6D-50BA6AAD2ED9}.Release|iPhone.ActiveCfg = Release|iPhone
		{5EE4D8D4-9315-452D-BB6D-50BA6AAD2ED9}.Release|iPhone.Build.0 = Release|iPhone
		{5EE4D8D4-9315-452D-BB6D-50BA6AAD2ED9}.Release|iPhone.Deploy.0 = Release|iPhone
		{5EE4D8D4-9315-452D-BB6D-50BA6AAD2ED9}.Release|iPhoneSimulator.ActiveCfg = Release|iPhoneSimulator
		{5EE4D8D4-9315-452D-BB6D-50BA6AAD2ED9}.Release|iPhoneSimulator.Build.0 = Release|iPhoneSimulator
		{5EE4D8D4-9315-452D-BB6D-50BA6AAD2ED9}.Release|iPhoneSimulator.Deploy.0 = Release|iPhoneSimulator
		{B8F5D03F-0F09-47A6-AD04-6DDA42BC1139}.Ad-Hoc|Any CPU.ActiveCfg = Debug|Any CPU
		{B8F5D03F-0F09-47A6-AD04-6DDA42BC1139}.Ad-Hoc|Any CPU.Build.0 = Debug|Any CPU
		{B8F5D03F-0F09-47A6-AD04-6DDA42BC1139}.Ad-Hoc|Any CPU.Deploy.0 = Debug|Any CPU
		{B8F5D03F-0F09-47A6-AD04-6DDA42BC1139}.Ad-Hoc|iPhone.ActiveCfg = Debug|Any CPU
		{B8F5D03F-0F09-47A6-AD04-6DDA42BC1139}.Ad-Hoc|iPhone.Build.0 = Debug|Any CPU
		{B8F5D03F-0F09-47A6-AD04-6DDA42BC1139}.Ad-Hoc|iPhone.Deploy.0 = Debug|Any CPU
		{B8F5D03F-0F09-47A6-AD04-6DDA42BC1139}.Ad-Hoc|iPhoneSimulator.ActiveCfg = Debug|Any CPU
		{B8F5D03F-0F09-47A6-AD04-6DDA42BC1139}.Ad-Hoc|iPhoneSimulator.Build.0 = Debug|Any CPU
		{B8F5D03F-0F09-47A6-AD04-6DDA42BC1139}.Ad-Hoc|iPhoneSimulator.Deploy.0 = Debug|Any CPU
		{B8F5D03F-0F09-47A6-AD04-6DDA42BC1139}.AppStore|Any CPU.ActiveCfg = Debug|Any CPU
		{B8F5D03F-0F09-47A6-AD04-6DDA42BC1139}.AppStore|Any CPU.Build.0 = Debug|Any CPU
		{B8F5D03F-0F09-47A6-AD04-6DDA42BC1139}.AppStore|Any CPU.Deploy.0 = Debug|Any CPU
		{B8F5D03F-0F09-47A6-AD04-6DDA42BC1139}.AppStore|iPhone.ActiveCfg = Debug|Any CPU
		{B8F5D03F-0F09-47A6-AD04-6DDA42BC1139}.AppStore|iPhone.Build.0 = Debug|Any CPU
		{B8F5D03F-0F09-47A6-AD04-6DDA42BC1139}.AppStore|iPhone.Deploy.0 = Debug|Any CPU
		{B8F5D03F-0F09-47A6-AD04-6DDA42BC1139}.AppStore|iPhoneSimulator.ActiveCfg = Debug|Any CPU
		{B8F5D03F-0F09-47A6-AD04-6DDA42BC1139}.AppStore|iPhoneSimulator.Build.0 = Debug|Any CPU
		{B8F5D03F-0F09-47A6-AD04-6DDA42BC1139}.AppStore|iPhoneSimulator.Deploy.0 = Debug|Any CPU
		{B8F5D03F-0F09-47A6-AD04-6DDA42BC1139}.Debug|Any CPU.ActiveCfg = Debug|Any CPU
		{B8F5D03F-0F09-47A6-AD04-6DDA42BC1139}.Debug|Any CPU.Build.0 = Debug|Any CPU
		{B8F5D03F-0F09-47A6-AD04-6DDA42BC1139}.Debug|Any CPU.Deploy.0 = Debug|Any CPU
		{B8F5D03F-0F09-47A6-AD04-6DDA42BC1139}.Debug|iPhone.ActiveCfg = Debug|Any CPU
		{B8F5D03F-0F09-47A6-AD04-6DDA42BC1139}.Debug|iPhone.Build.0 = Debug|Any CPU
		{B8F5D03F-0F09-47A6-AD04-6DDA42BC1139}.Debug|iPhone.Deploy.0 = Debug|Any CPU
		{B8F5D03F-0F09-47A6-AD04-6DDA42BC1139}.Debug|iPhoneSimulator.ActiveCfg = Debug|Any CPU
		{B8F5D03F-0F09-47A6-AD04-6DDA42BC1139}.Debug|iPhoneSimulator.Build.0 = Debug|Any CPU
		{B8F5D03F-0F09-47A6-AD04-6DDA42BC1139}.Debug|iPhoneSimulator.Deploy.0 = Debug|Any CPU
		{B8F5D03F-0F09-47A6-AD04-6DDA42BC1139}.Release|Any CPU.ActiveCfg = Release|Any CPU
		{B8F5D03F-0F09-47A6-AD04-6DDA42BC1139}.Release|Any CPU.Build.0 = Release|Any CPU
		{B8F5D03F-0F09-47A6-AD04-6DDA42BC1139}.Release|Any CPU.Deploy.0 = Release|Any CPU
		{B8F5D03F-0F09-47A6-AD04-6DDA42BC1139}.Release|iPhone.ActiveCfg = Release|Any CPU
		{B8F5D03F-0F09-47A6-AD04-6DDA42BC1139}.Release|iPhone.Build.0 = Release|Any CPU
		{B8F5D03F-0F09-47A6-AD04-6DDA42BC1139}.Release|iPhone.Deploy.0 = Release|Any CPU
		{B8F5D03F-0F09-47A6-AD04-6DDA42BC1139}.Release|iPhoneSimulator.ActiveCfg = Release|Any CPU
		{B8F5D03F-0F09-47A6-AD04-6DDA42BC1139}.Release|iPhoneSimulator.Build.0 = Release|Any CPU
		{B8F5D03F-0F09-47A6-AD04-6DDA42BC1139}.Release|iPhoneSimulator.Deploy.0 = Release|Any CPU
	EndGlobalSection
	GlobalSection(SolutionProperties) = preSolution
		HideSolutionNode = FALSE
	EndGlobalSection
	GlobalSection(ExtensibilityGlobals) = postSolution
		SolutionGuid = {197F0AD8-8FF7-467C-A359-2CCA6BAEC65A}
	EndGlobalSection
EndGlobal
