
Microsoft Visual Studio Solution File, Format Version 12.00
# Visual Studio 15
VisualStudioVersion = 15.0.28307.852
MinimumVisualStudioVersion = 10.0.40219.1
Project("{FAE04EC0-301F-11D3-BF4B-00C04F79EFBC}") = "ProyectoDiplomado.Android", "ProyectoDiplomado\ProyectoDiplomado.Android\ProyectoDiplomado.Android.csproj", "{87187720-C3B3-4735-AE3B-F73DA1C6B418}"
EndProject
Project("{FAE04EC0-301F-11D3-BF4B-00C04F79EFBC}") = "ProyectoDiplomado.iOS", "ProyectoDiplomado\ProyectoDiplomado.iOS\ProyectoDiplomado.iOS.csproj", "{F0D2DFE3-42EB-445C-98D4-7A62A856C90F}"
EndProject
Project("{FAE04EC0-301F-11D3-BF4B-00C04F79EFBC}") = "ProyectoDiplomado", "ProyectoDiplomado\ProyectoDiplomado\ProyectoDiplomado.csproj", "{8B32CCBE-25E1-45DD-A491-F7B1812BF741}"
EndProject
Global
	GlobalSection(SolutionConfigurationPlatforms) = preSolution
		Ad-Hoc|Any CPU = Ad-Hoc|Any CPU
		Ad-Hoc|iPhone = Ad-Hoc|iPhone
		Ad-Hoc|iPhoneSimulator = Ad-Hoc|iPhoneSimulator
		AppStore|Any CPU = AppStore|Any CPU
		AppStore|iPhone = AppStore|iPhone
		AppStore|iPhoneSimulator = AppStore|iPhoneSimulator
		Debug|Any CPU = Debug|Any CPU
		Debug|iPhone = Debug|iPhone
		Debug|iPhoneSimulator = Debug|iPhoneSimulator
		Release|Any CPU = Release|Any CPU
		Release|iPhone = Release|iPhone
		Release|iPhoneSimulator = Release|iPhoneSimulator
	EndGlobalSection
	GlobalSection(ProjectConfigurationPlatforms) = postSolution
		{87187720-C3B3-4735-AE3B-F73DA1C6B418}.Ad-Hoc|Any CPU.ActiveCfg = Release|Any CPU
		{87187720-C3B3-4735-AE3B-F73DA1C6B418}.Ad-Hoc|Any CPU.Build.0 = Release|Any CPU
		{87187720-C3B3-4735-AE3B-F73DA1C6B418}.Ad-Hoc|Any CPU.Deploy.0 = Release|Any CPU
		{87187720-C3B3-4735-AE3B-F73DA1C6B418}.Ad-Hoc|iPhone.ActiveCfg = Release|Any CPU
		{87187720-C3B3-4735-AE3B-F73DA1C6B418}.Ad-Hoc|iPhone.Build.0 = Release|Any CPU
		{87187720-C3B3-4735-AE3B-F73DA1C6B418}.Ad-Hoc|iPhone.Deploy.0 = Release|Any CPU
		{87187720-C3B3-4735-AE3B-F73DA1C6B418}.Ad-Hoc|iPhoneSimulator.ActiveCfg = Release|Any CPU
		{87187720-C3B3-4735-AE3B-F73DA1C6B418}.Ad-Hoc|iPhoneSimulator.Build.0 = Release|Any CPU
		{87187720-C3B3-4735-AE3B-F73DA1C6B418}.Ad-Hoc|iPhoneSimulator.Deploy.0 = Release|Any CPU
		{87187720-C3B3-4735-AE3B-F73DA1C6B418}.AppStore|Any CPU.ActiveCfg = Release|Any CPU
		{87187720-C3B3-4735-AE3B-F73DA1C6B418}.AppStore|Any CPU.Build.0 = Release|Any CPU
		{87187720-C3B3-4735-AE3B-F73DA1C6B418}.AppStore|Any CPU.Deploy.0 = Release|Any CPU
		{87187720-C3B3-4735-AE3B-F73DA1C6B418}.AppStore|iPhone.ActiveCfg = Release|Any CPU
		{87187720-C3B3-4735-AE3B-F73DA1C6B418}.AppStore|iPhone.Build.0 = Release|Any CPU
		{87187720-C3B3-4735-AE3B-F73DA1C6B418}.AppStore|iPhone.Deploy.0 = Release|Any CPU
		{87187720-C3B3-4735-AE3B-F73DA1C6B418}.AppStore|iPhoneSimulator.ActiveCfg = Release|Any CPU
		{87187720-C3B3-4735-AE3B-F73DA1C6B418}.AppStore|iPhoneSimulator.Build.0 = Release|Any CPU
		{87187720-C3B3-4735-AE3B-F73DA1C6B418}.AppStore|iPhoneSimulator.Deploy.0 = Release|Any CPU
		{87187720-C3B3-4735-AE3B-F73DA1C6B418}.Debug|Any CPU.ActiveCfg = Debug|Any CPU
		{87187720-C3B3-4735-AE3B-F73DA1C6B418}.Debug|Any CPU.Build.0 = Debug|Any CPU
		{87187720-C3B3-4735-AE3B-F73DA1C6B418}.Debug|Any CPU.Deploy.0 = Debug|Any CPU
		{87187720-C3B3-4735-AE3B-F73DA1C6B418}.Debug|iPhone.ActiveCfg = Debug|Any CPU
		{87187720-C3B3-4735-AE3B-F73DA1C6B418}.Debug|iPhone.Build.0 = Debug|Any CPU
		{87187720-C3B3-4735-AE3B-F73DA1C6B418}.Debug|iPhone.Deploy.0 = Debug|Any CPU
		{87187720-C3B3-4735-AE3B-F73DA1C6B418}.Debug|iPhoneSimulator.ActiveCfg = Debug|Any CPU
		{87187720-C3B3-4735-AE3B-F73DA1C6B418}.Debug|iPhoneSimulator.Build.0 = Debug|Any CPU
		{87187720-C3B3-4735-AE3B-F73DA1C6B418}.Debug|iPhoneSimulator.Deploy.0 = Debug|Any CPU
		{87187720-C3B3-4735-AE3B-F73DA1C6B418}.Release|Any CPU.ActiveCfg = Release|Any CPU
		{87187720-C3B3-4735-AE3B-F73DA1C6B418}.Release|Any CPU.Build.0 = Release|Any CPU
		{87187720-C3B3-4735-AE3B-F73DA1C6B418}.Release|Any CPU.Deploy.0 = Release|Any CPU
		{87187720-C3B3-4735-AE3B-F73DA1C6B418}.Release|iPhone.ActiveCfg = Release|Any CPU
		{87187720-C3B3-4735-AE3B-F73DA1C6B418}.Release|iPhone.Build.0 = Release|Any CPU
		{87187720-C3B3-4735-AE3B-F73DA1C6B418}.Release|iPhone.Deploy.0 = Release|Any CPU
		{87187720-C3B3-4735-AE3B-F73DA1C6B418}.Release|iPhoneSimulator.ActiveCfg = Release|Any CPU
		{87187720-C3B3-4735-AE3B-F73DA1C6B418}.Release|iPhoneSimulator.Build.0 = Release|Any CPU
		{87187720-C3B3-4735-AE3B-F73DA1C6B418}.Release|iPhoneSimulator.Deploy.0 = Release|Any CPU
		{F0D2DFE3-42EB-445C-98D4-7A62A856C90F}.Ad-Hoc|Any CPU.ActiveCfg = Ad-Hoc|iPhone
		{F0D2DFE3-42EB-445C-98D4-7A62A856C90F}.Ad-Hoc|Any CPU.Build.0 = Ad-Hoc|iPhone
		{F0D2DFE3-42EB-445C-98D4-7A62A856C90F}.Ad-Hoc|Any CPU.Deploy.0 = Ad-Hoc|iPhone
		{F0D2DFE3-42EB-445C-98D4-7A62A856C90F}.Ad-Hoc|iPhone.ActiveCfg = Ad-Hoc|iPhone
		{F0D2DFE3-42EB-445C-98D4-7A62A856C90F}.Ad-Hoc|iPhone.Build.0 = Ad-Hoc|iPhone
		{F0D2DFE3-42EB-445C-98D4-7A62A856C90F}.Ad-Hoc|iPhone.Deploy.0 = Ad-Hoc|iPhone
		{F0D2DFE3-42EB-445C-98D4-7A62A856C90F}.Ad-Hoc|iPhoneSimulator.ActiveCfg = Ad-Hoc|iPhoneSimulator
		{F0D2DFE3-42EB-445C-98D4-7A62A856C90F}.Ad-Hoc|iPhoneSimulator.Build.0 = Ad-Hoc|iPhoneSimulator
		{F0D2DFE3-42EB-445C-98D4-7A62A856C90F}.Ad-Hoc|iPhoneSimulator.Deploy.0 = Ad-Hoc|iPhoneSimulator
		{F0D2DFE3-42EB-445C-98D4-7A62A856C90F}.AppStore|Any CPU.ActiveCfg = AppStore|iPhone
		{F0D2DFE3-42EB-445C-98D4-7A62A856C90F}.AppStore|Any CPU.Build.0 = AppStore|iPhone
		{F0D2DFE3-42EB-445C-98D4-7A62A856C90F}.AppStore|Any CPU.Deploy.0 = AppStore|iPhone
		{F0D2DFE3-42EB-445C-98D4-7A62A856C90F}.AppStore|iPhone.ActiveCfg = AppStore|iPhone
		{F0D2DFE3-42EB-445C-98D4-7A62A856C90F}.AppStore|iPhone.Build.0 = AppStore|iPhone
		{F0D2DFE3-42EB-445C-98D4-7A62A856C90F}.AppStore|iPhone.Deploy.0 = AppStore|iPhone
		{F0D2DFE3-42EB-445C-98D4-7A62A856C90F}.AppStore|iPhoneSimulator.ActiveCfg = AppStore|iPhoneSimulator
		{F0D2DFE3-42EB-445C-98D4-7A62A856C90F}.AppStore|iPhoneSimulator.Build.0 = AppStore|iPhoneSimulator
		{F0D2DFE3-42EB-445C-98D4-7A62A856C90F}.AppStore|iPhoneSimulator.Deploy.0 = AppStore|iPhoneSimulator
		{F0D2DFE3-42EB-445C-98D4-7A62A856C90F}.Debug|Any CPU.ActiveCfg = Debug|iPhoneSimulator
		{F0D2DFE3-42EB-445C-98D4-7A62A856C90F}.Debug|Any CPU.Build.0 = Debug|iPhoneSimulator
		{F0D2DFE3-42EB-445C-98D4-7A62A856C90F}.Debug|Any CPU.Deploy.0 = Debug|iPhoneSimulator
		{F0D2DFE3-42EB-445C-98D4-7A62A856C90F}.Debug|iPhone.ActiveCfg = Debug|iPhone
		{F0D2DFE3-42EB-445C-98D4-7A62A856C90F}.Debug|iPhone.Build.0 = Debug|iPhone
		{F0D2DFE3-42EB-445C-98D4-7A62A856C90F}.Debug|iPhone.Deploy.0 = Debug|iPhone
		{F0D2DFE3-42EB-445C-98D4-7A62A856C90F}.Debug|iPhoneSimulator.ActiveCfg = Debug|iPhoneSimulator
		{F0D2DFE3-42EB-445C-98D4-7A62A856C90F}.Debug|iPhoneSimulator.Build.0 = Debug|iPhoneSimulator
		{F0D2DFE3-42EB-445C-98D4-7A62A856C90F}.Debug|iPhoneSimulator.Deploy.0 = Debug|iPhoneSimulator
		{F0D2DFE3-42EB-445C-98D4-7A62A856C90F}.Release|Any CPU.ActiveCfg = Release|iPhone
		{F0D2DFE3-42EB-445C-98D4-7A62A856C90F}.Release|Any CPU.Build.0 = Release|iPhone
		{F0D2DFE3-42EB-445C-98D4-7A62A856C90F}.Release|Any CPU.Deploy.0 = Release|iPhone
		{F0D2DFE3-42EB-445C-98D4-7A62A856C90F}.Release|iPhone.ActiveCfg = Release|iPhone
		{F0D2DFE3-42EB-445C-98D4-7A62A856C90F}.Release|iPhone.Build.0 = Release|iPhone
		{F0D2DFE3-42EB-445C-98D4-7A62A856C90F}.Release|iPhone.Deploy.0 = Release|iPhone
		{F0D2DFE3-42EB-445C-98D4-7A62A856C90F}.Release|iPhoneSimulator.ActiveCfg = Release|iPhoneSimulator
		{F0D2DFE3-42EB-445C-98D4-7A62A856C90F}.Release|iPhoneSimulator.Build.0 = Release|iPhoneSimulator
		{F0D2DFE3-42EB-445C-98D4-7A62A856C90F}.Release|iPhoneSimulator.Deploy.0 = Release|iPhoneSimulator
		{8B32CCBE-25E1-45DD-A491-F7B1812BF741}.Ad-Hoc|Any CPU.ActiveCfg = Debug|Any CPU
		{8B32CCBE-25E1-45DD-A491-F7B1812BF741}.Ad-Hoc|Any CPU.Build.0 = Debug|Any CPU
		{8B32CCBE-25E1-45DD-A491-F7B1812BF741}.Ad-Hoc|Any CPU.Deploy.0 = Debug|Any CPU
		{8B32CCBE-25E1-45DD-A491-F7B1812BF741}.Ad-Hoc|iPhone.ActiveCfg = Debug|Any CPU
		{8B32CCBE-25E1-45DD-A491-F7B1812BF741}.Ad-Hoc|iPhone.Build.0 = Debug|Any CPU
		{8B32CCBE-25E1-45DD-A491-F7B1812BF741}.Ad-Hoc|iPhone.Deploy.0 = Debug|Any CPU
		{8B32CCBE-25E1-45DD-A491-F7B1812BF741}.Ad-Hoc|iPhoneSimulator.ActiveCfg = Debug|Any CPU
		{8B32CCBE-25E1-45DD-A491-F7B1812BF741}.Ad-Hoc|iPhoneSimulator.Build.0 = Debug|Any CPU
		{8B32CCBE-25E1-45DD-A491-F7B1812BF741}.Ad-Hoc|iPhoneSimulator.Deploy.0 = Debug|Any CPU
		{8B32CCBE-25E1-45DD-A491-F7B1812BF741}.AppStore|Any CPU.ActiveCfg = Debug|Any CPU
		{8B32CCBE-25E1-45DD-A491-F7B1812BF741}.AppStore|Any CPU.Build.0 = Debug|Any CPU
		{8B32CCBE-25E1-45DD-A491-F7B1812BF741}.AppStore|Any CPU.Deploy.0 = Debug|Any CPU
		{8B32CCBE-25E1-45DD-A491-F7B1812BF741}.AppStore|iPhone.ActiveCfg = Debug|Any CPU
		{8B32CCBE-25E1-45DD-A491-F7B1812BF741}.AppStore|iPhone.Build.0 = Debug|Any CPU
		{8B32CCBE-25E1-45DD-A491-F7B1812BF741}.AppStore|iPhone.Deploy.0 = Debug|Any CPU
		{8B32CCBE-25E1-45DD-A491-F7B1812BF741}.AppStore|iPhoneSimulator.ActiveCfg = Debug|Any CPU
		{8B32CCBE-25E1-45DD-A491-F7B1812BF741}.AppStore|iPhoneSimulator.Build.0 = Debug|Any CPU
		{8B32CCBE-25E1-45DD-A491-F7B1812BF741}.AppStore|iPhoneSimulator.Deploy.0 = Debug|Any CPU
		{8B32CCBE-25E1-45DD-A491-F7B1812BF741}.Debug|Any CPU.ActiveCfg = Debug|Any CPU
		{8B32CCBE-25E1-45DD-A491-F7B1812BF741}.Debug|Any CPU.Build.0 = Debug|Any CPU
		{8B32CCBE-25E1-45DD-A491-F7B1812BF741}.Debug|Any CPU.Deploy.0 = Debug|Any CPU
		{8B32CCBE-25E1-45DD-A491-F7B1812BF741}.Debug|iPhone.ActiveCfg = Debug|Any CPU
		{8B32CCBE-25E1-45DD-A491-F7B1812BF741}.Debug|iPhone.Build.0 = Debug|Any CPU
		{8B32CCBE-25E1-45DD-A491-F7B1812BF741}.Debug|iPhone.Deploy.0 = Debug|Any CPU
		{8B32CCBE-25E1-45DD-A491-F7B1812BF741}.Debug|iPhoneSimulator.ActiveCfg = Debug|Any CPU
		{8B32CCBE-25E1-45DD-A491-F7B1812BF741}.Debug|iPhoneSimulator.Build.0 = Debug|Any CPU
		{8B32CCBE-25E1-45DD-A491-F7B1812BF741}.Debug|iPhoneSimulator.Deploy.0 = Debug|Any CPU
		{8B32CCBE-25E1-45DD-A491-F7B1812BF741}.Release|Any CPU.ActiveCfg = Release|Any CPU
		{8B32CCBE-25E1-45DD-A491-F7B1812BF741}.Release|Any CPU.Build.0 = Release|Any CPU
		{8B32CCBE-25E1-45DD-A491-F7B1812BF741}.Release|Any CPU.Deploy.0 = Release|Any CPU
		{8B32CCBE-25E1-45DD-A491-F7B1812BF741}.Release|iPhone.ActiveCfg = Release|Any CPU
		{8B32CCBE-25E1-45DD-A491-F7B1812BF741}.Release|iPhone.Build.0 = Release|Any CPU
		{8B32CCBE-25E1-45DD-A491-F7B1812BF741}.Release|iPhone.Deploy.0 = Release|Any CPU
		{8B32CCBE-25E1-45DD-A491-F7B1812BF741}.Release|iPhoneSimulator.ActiveCfg = Release|Any CPU
		{8B32CCBE-25E1-45DD-A491-F7B1812BF741}.Release|iPhoneSimulator.Build.0 = Release|Any CPU
		{8B32CCBE-25E1-45DD-A491-F7B1812BF741}.Release|iPhoneSimulator.Deploy.0 = Release|Any CPU
	EndGlobalSection
	GlobalSection(SolutionProperties) = preSolution
		HideSolutionNode = FALSE
	EndGlobalSection
	GlobalSection(ExtensibilityGlobals) = postSolution
		SolutionGuid = {6286F8F3-20E4-4401-BFA6-9C84780A705C}
	EndGlobalSection
EndGlobal
